
Microsoft Visual Studio Solution File, Format Version 12.00
# Visual Studio Version 17
VisualStudioVersion = 17.9.34622.214
MinimumVisualStudioVersion = 10.0.40219.1
Project("{FAE04EC0-301F-11D3-BF4B-00C04F79EFBC}") = "MyWebsiteMvc", "MyWebsiteMvc.csproj", "{0B85B986-935A-443E-AB69-7680590B538E}"
EndProject
Global
	GlobalSection(SolutionConfigurationPlatforms) = preSolution
		Debug|Any CPU = Debug|Any CPU
		Release|Any CPU = Release|Any CPU
	EndGlobalSection
	GlobalSection(ProjectConfigurationPlatforms) = postSolution
		{0B85B986-935A-443E-AB69-7680590B538E}.Debug|Any CPU.ActiveCfg = Debug|Any CPU
		{0B85B986-935A-443E-AB69-7680590B538E}.Debug|Any CPU.Build.0 = Debug|Any CPU
		{0B85B986-935A-443E-AB69-7680590B538E}.Release|Any CPU.ActiveCfg = Release|Any CPU
		{0B85B986-935A-443E-AB69-7680590B538E}.Release|Any CPU.Build.0 = Release|Any CPU
	EndGlobalSection
	GlobalSection(SolutionProperties) = preSolution
		HideSolutionNode = FALSE
	EndGlobalSection
	GlobalSection(ExtensibilityGlobals) = postSolution
		SolutionGuid = {30E92534-C633-4CA8-AD43-A5C6633D8D6C}
	EndGlobalSection
EndGlobal
